<?xml version="1.0" encoding="utf-8"?>
<Project ToolsVersion="4.0" xmlns="http://schemas.microsoft.com/developer/msbuild/2003">
  <ItemGroup>
    <Filter Include="Source Files">
      <UniqueIdentifier>{4FC737F1-C7A5-4376-A066-2A32D752A2FF}</UniqueIdentifier>
      <Extensions>cpp;c;cc;cxx;def;odl;idl;hpj;bat;asm;asmx</Extensions>
    </Filter>
    <Filter Include="Header Files">
      <UniqueIdentifier>{93995380-89BD-4b04-88EB-625FBE52EBFB}</UniqueIdentifier>
      <Extensions>h;hh;hpp;hxx;hm;inl;inc;xsd</Extensions>
    </Filter>
    <Filter Include="Resource Files">
      <UniqueIdentifier>{67DA6AB6-F800-4c08-8B7A-83BB121AAD01}</UniqueIdentifier>
      <Extensions>rc;ico;cur;bmp;dlg;rc2;rct;bin;rgs;gif;jpg;jpeg;jpe;resx;tiff;tif;png;wav;mfcribbon-ms</Extensions>
    </Filter>
    <Filter Include="Source Files\tinyxml">
      <UniqueIdentifier>{9ff96af4-9033-4ae9-b361-61ab37844570}</UniqueIdentifier>
    </Filter>
    <Filter Include="Source Files\Scene">
      <UniqueIdentifier>{79e64cb9-a507-4b8f-9159-1d2f027abbcc}</UniqueIdentifier>
    </Filter>
    <Filter Include="Source Files\Factory">
      <UniqueIdentifier>{bafdc29e-2d00-46c2-8dce-377d07fd5b7e}</UniqueIdentifier>
    </Filter>
    <Filter Include="Source Files\Menus">
      <UniqueIdentifier>{0e6177bd-6db8-493d-8630-4ef53e1bb6ab}</UniqueIdentifier>
    </Filter>
    <Filter Include="Source Files\Input">
      <UniqueIdentifier>{76fea396-90fe-4ab3-8436-da78e7b790dc}</UniqueIdentifier>
    </Filter>
    <Filter Include="Source Files\Console">
      <UniqueIdentifier>{b4050def-91b1-4272-96b0-45390246a6e4}</UniqueIdentifier>
    </Filter>
    <Filter Include="Source Files\Helpers">
      <UniqueIdentifier>{54b2e7bf-13b4-43c1-8b92-a54beeab0c00}</UniqueIdentifier>
    </Filter>
    <Filter Include="Source Files\Map">
      <UniqueIdentifier>{56f162d6-f3b4-4ca6-af53-6373acf53d70}</UniqueIdentifier>
    </Filter>
    <Filter Include="Source Files\Profiles">
      <UniqueIdentifier>{2398666a-f76e-42bc-8217-b481ba16c1aa}</UniqueIdentifier>
    </Filter>
  </ItemGroup>
  <ItemGroup>
    <ClCompile Include="..\Src\App.cpp">
      <Filter>Source Files</Filter>
    </ClCompile>
    <ClCompile Include="..\Src\Main.cpp">
      <Filter>Source Files</Filter>
    </ClCompile>
    <ClCompile Include="..\Src\tinyxml\tinystr.cpp">
      <Filter>Source Files\tinyxml</Filter>
    </ClCompile>
    <ClCompile Include="..\Src\tinyxml\tinyxml.cpp">
      <Filter>Source Files\tinyxml</Filter>
    </ClCompile>
    <ClCompile Include="..\Src\tinyxml\tinyxmlerror.cpp">
      <Filter>Source Files\tinyxml</Filter>
    </ClCompile>
    <ClCompile Include="..\Src\tinyxml\tinyxmlparser.cpp">
      <Filter>Source Files\tinyxml</Filter>
    </ClCompile>
    <ClCompile Include="..\Src\Scene\Component.cpp">
      <Filter>Source Files\Scene</Filter>
    </ClCompile>
    <ClCompile Include="..\Src\Scene\Object.cpp">
      <Filter>Source Files\Scene</Filter>
    </ClCompile>
    <ClCompile Include="..\Src\Scene\Scene.cpp">
      <Filter>Source Files\Scene</Filter>
    </ClCompile>
    <ClCompile Include="..\Src\Scene\SpriteComponent.cpp">
      <Filter>Source Files\Scene</Filter>
    </ClCompile>
    <ClCompile Include="..\Src\Scene\ObjectHelpers.cpp">
      <Filter>Source Files\Scene</Filter>
    </ClCompile>
    <ClCompile Include="..\Src\Factory\ComponentFactory.cpp">
      <Filter>Source Files\Factory</Filter>
    </ClCompile>
    <ClCompile Include="..\Src\Factory\ComponentCreatorImpl.cpp">
      <Filter>Source Files\Factory</Filter>
    </ClCompile>
    <ClCompile Include="..\Src\Factory\ComponentCreator.cpp">
      <Filter>Source Files\Factory</Filter>
    </ClCompile>
    <ClCompile Include="..\Src\Scene\TextComponent.cpp">
      <Filter>Source Files\Scene</Filter>
    </ClCompile>
    <ClCompile Include="..\Src\Menus\MainMenu.cpp">
      <Filter>Source Files\Menus</Filter>
    </ClCompile>
    <ClCompile Include="..\Src\Menus\MainGame.cpp">
      <Filter>Source Files\Menus</Filter>
    </ClCompile>
    <ClCompile Include="..\Src\Menus\MenuHandler.cpp">
      <Filter>Source Files\Menus</Filter>
    </ClCompile>
    <ClCompile Include="..\Src\Input\Input.cpp">
      <Filter>Source Files\Input</Filter>
    </ClCompile>
    <ClCompile Include="..\Src\Scene\ButtonComponent.cpp">
      <Filter>Source Files\Scene</Filter>
    </ClCompile>
    <ClCompile Include="..\Src\Menus\OptionsMenu.cpp">
      <Filter>Source Files\Menus</Filter>
    </ClCompile>
    <ClCompile Include="..\Src\Menus\GamePausedMenu.cpp">
      <Filter>Source Files\Menus</Filter>
    </ClCompile>
    <ClCompile Include="..\Src\Console\ConsoleComponent.cpp">
      <Filter>Source Files\Console</Filter>
    </ClCompile>
    <ClCompile Include="..\Src\Console\ConsoleInputHandler.cpp">
      <Filter>Source Files\Console</Filter>
    </ClCompile>
    <ClCompile Include="..\Src\Console\ConsoleCommandsHandler.cpp">
      <Filter>Source Files\Console</Filter>
    </ClCompile>
    <ClCompile Include="..\Src\Menus\OptionsManager.cpp">
      <Filter>Source Files\Menus</Filter>
    </ClCompile>
    <ClCompile Include="..\Src\Scene\CheckboxComponent.cpp">
      <Filter>Source Files\Scene</Filter>
    </ClCompile>
    <ClCompile Include="..\Src\Scene\SpriteSheetComponent.cpp">
      <Filter>Source Files\Scene</Filter>
    </ClCompile>
    <ClCompile Include="..\Src\Scene\PlayerMovementComponent.cpp">
      <Filter>Source Files\Scene</Filter>
    </ClCompile>
    <ClCompile Include="..\Src\Helpers\Helpers.cpp">
      <Filter>Source Files\Helpers</Filter>
    </ClCompile>
    <ClCompile Include="..\Src\Helpers\RNG.cpp">
      <Filter>Source Files\Helpers</Filter>
    </ClCompile>
    <ClCompile Include="..\Src\Map\MapGenerator.cpp">
      <Filter>Source Files\Map</Filter>
    </ClCompile>
    <ClCompile Include="..\Src\Map\MapComponent.cpp">
      <Filter>Source Files\Map</Filter>
    </ClCompile>
    <ClCompile Include="..\Src\Map\Tile.cpp">
      <Filter>Source Files\Map</Filter>
    </ClCompile>
    <ClCompile Include="..\Src\Map\Map.cpp">
      <Filter>Source Files\Map</Filter>
    </ClCompile>
    <ClCompile Include="..\Src\Profiles\Profile.cpp">
      <Filter>Source Files\Profiles</Filter>
    </ClCompile>
    <ClCompile Include="..\Src\Profiles\ProfilesManager.cpp">
      <Filter>Source Files\Profiles</Filter>
    </ClCompile>
    <ClCompile Include="..\Src\Menus\ProfileCreationMenu.cpp">
      <Filter>Source Files\Menus</Filter>
    </ClCompile>
    <ClCompile Include="..\Src\Scene\InputTextBoxComponent.cpp">
      <Filter>Source Files\Scene</Filter>
    </ClCompile>
    <ClCompile Include="..\Src\STAT.cpp">
      <Filter>Source Files</Filter>
    </ClCompile>
    <ClCompile Include="..\Src\Scene\EditableTextBox.cpp">
      <Filter>Source Files\Scene</Filter>
    </ClCompile>
  </ItemGroup>
  <ItemGroup>
    <ClInclude Include="..\Src\App.h">
      <Filter>Source Files</Filter>
    </ClInclude>
    <ClInclude Include="..\Src\stdincl.h">
      <Filter>Source Files</Filter>
    </ClInclude>
    <ClInclude Include="..\Src\tinyxml\tinystr.h">
      <Filter>Source Files\tinyxml</Filter>
    </ClInclude>
    <ClInclude Include="..\Src\tinyxml\tinyxml.h">
      <Filter>Source Files\tinyxml</Filter>
    </ClInclude>
    <ClInclude Include="..\Src\Scene\Component.h">
      <Filter>Source Files\Scene</Filter>
    </ClInclude>
    <ClInclude Include="..\Src\Scene\Object.h">
      <Filter>Source Files\Scene</Filter>
    </ClInclude>
    <ClInclude Include="..\Src\Scene\Scene.h">
      <Filter>Source Files\Scene</Filter>
    </ClInclude>
    <ClInclude Include="..\Src\Scene\SpriteComponent.h">
      <Filter>Source Files\Scene</Filter>
    </ClInclude>
    <ClInclude Include="..\Src\Scene\ObjectHelpers.h">
      <Filter>Source Files\Scene</Filter>
    </ClInclude>
    <ClInclude Include="..\Src\Factory\ComponentFactory.h">
      <Filter>Source Files\Factory</Filter>
    </ClInclude>
    <ClInclude Include="..\Src\Factory\ComponentCreatorImpl.h">
      <Filter>Source Files\Factory</Filter>
    </ClInclude>
    <ClInclude Include="..\Src\Factory\ComponentCreator.h">
      <Filter>Source Files\Factory</Filter>
    </ClInclude>
    <ClInclude Include="..\Src\Scene\TextComponent.h">
      <Filter>Source Files\Scene</Filter>
    </ClInclude>
    <ClInclude Include="..\Src\Menus\MainMenu.h">
      <Filter>Source Files\Menus</Filter>
    </ClInclude>
    <ClInclude Include="..\Src\Menus\MainGame.h">
      <Filter>Source Files\Menus</Filter>
    </ClInclude>
    <ClInclude Include="..\Src\Menus\MenuHandler.h">
      <Filter>Source Files\Menus</Filter>
    </ClInclude>
    <ClInclude Include="..\Src\Input\Input.h">
      <Filter>Source Files\Input</Filter>
    </ClInclude>
    <ClInclude Include="..\Src\Scene\ButtonComponent.h">
      <Filter>Source Files\Scene</Filter>
    </ClInclude>
    <ClInclude Include="..\Src\Menus\OptionsMenu.h">
      <Filter>Source Files\Menus</Filter>
    </ClInclude>
    <ClInclude Include="..\Src\Menus\GamePausedMenu.h">
      <Filter>Source Files\Menus</Filter>
    </ClInclude>
    <ClInclude Include="..\Src\Console\ConsoleComponent.h">
      <Filter>Source Files\Console</Filter>
    </ClInclude>
    <ClInclude Include="..\Src\Console\ConsoleInputHandler.h">
      <Filter>Source Files\Console</Filter>
    </ClInclude>
    <ClInclude Include="..\Src\Console\ConsoleCommandsHandler.h">
      <Filter>Source Files\Console</Filter>
    </ClInclude>
    <ClInclude Include="..\Src\Menus\OptionsManager.h">
      <Filter>Source Files\Menus</Filter>
    </ClInclude>
    <ClInclude Include="..\Src\Scene\CheckboxComponent.h">
      <Filter>Source Files\Scene</Filter>
    </ClInclude>
    <ClInclude Include="resource.h">
      <Filter>Header Files</Filter>
    </ClInclude>
    <ClInclude Include="..\Src\Scene\SpriteSheetComponent.h">
      <Filter>Source Files\Scene</Filter>
    </ClInclude>
    <ClInclude Include="..\Src\Scene\PlayerMovementComponent.h">
      <Filter>Source Files\Scene</Filter>
    </ClInclude>
    <ClInclude Include="..\Src\Helpers\Helpers.h">
      <Filter>Source Files\Helpers</Filter>
    </ClInclude>
    <ClInclude Include="..\Src\Helpers\RNG.h">
      <Filter>Source Files\Helpers</Filter>
    </ClInclude>
    <ClInclude Include="..\Src\Map\MapGenerator.h">
      <Filter>Source Files\Map</Filter>
    </ClInclude>
    <ClInclude Include="..\Src\Map\MapComponent.h">
      <Filter>Source Files\Map</Filter>
    </ClInclude>
    <ClInclude Include="..\Src\Map\Tile.h">
      <Filter>Source Files\Map</Filter>
    </ClInclude>
    <ClInclude Include="..\Src\Map\Map.h">
      <Filter>Source Files\Map</Filter>
    </ClInclude>
    <ClInclude Include="..\Src\Profiles\Profile.h">
      <Filter>Source Files\Profiles</Filter>
    </ClInclude>
    <ClInclude Include="..\Src\Profiles\ProfilesManager.h">
      <Filter>Source Files\Profiles</Filter>
    </ClInclude>
    <ClInclude Include="..\Src\Menus\ProfileCreationMenu.h">
      <Filter>Source Files\Menus</Filter>
    </ClInclude>
    <ClInclude Include="..\Src\Scene\InputTextBoxComponent.h">
      <Filter>Source Files\Scene</Filter>
    </ClInclude>
    <ClInclude Include="..\Src\STAT.h">
      <Filter>Source Files</Filter>
    </ClInclude>
    <ClInclude Include="..\Src\Scene\EditableTextBox.h">
      <Filter>Source Files\Scene</Filter>
    </ClInclude>
  </ItemGroup>
  <ItemGroup>
    <ResourceCompile Include="MyFramework.rc">
      <Filter>Resource Files</Filter>
    </ResourceCompile>
  </ItemGroup>
  <ItemGroup>
    <Image Include="icon1.ico">
      <Filter>Resource Files</Filter>
    </Image>
    <Image Include="..\Resources\apply_button_shaded.png">
      <Filter>Resource Files</Filter>
    </Image>
  </ItemGroup>
</Project>